
Microsoft Visual Studio Solution File, Format Version 12.00
# Visual Studio 15
VisualStudioVersion = 15.0.27130.2027
MinimumVisualStudioVersion = 10.0.40219.1
Project("{FAE04EC0-301F-11D3-BF4B-00C04F79EFBC}") = "Watsonia.AusPost.Client", "Watsonia.AusPost.Client\Watsonia.AusPost.Client.csproj", "{61E1E919-9F28-486A-93FD-C6DEF33DFAAD}"
EndProject
Project("{FAE04EC0-301F-11D3-BF4B-00C04F79EFBC}") = "Watsonia.AusPost.Client.Tests", "Watsonia.AusPost.Client.Tests\Watsonia.AusPost.Client.Tests.csproj", "{11A01939-9404-4DFF-B4AE-73D94E6115F8}"
EndProject
Global
	GlobalSection(SolutionConfigurationPlatforms) = preSolution
		Debug|Any CPU = Debug|Any CPU
		Release|Any CPU = Release|Any CPU
	EndGlobalSection
	GlobalSection(ProjectConfigurationPlatforms) = postSolution
		{61E1E919-9F28-486A-93FD-C6DEF33DFAAD}.Debug|Any CPU.ActiveCfg = Debug|Any CPU
		{61E1E919-9F28-486A-93FD-C6DEF33DFAAD}.Debug|Any CPU.Build.0 = Debug|Any CPU
		{61E1E919-9F28-486A-93FD-C6DEF33DFAAD}.Release|Any CPU.ActiveCfg = Release|Any CPU
		{61E1E919-9F28-486A-93FD-C6DEF33DFAAD}.Release|Any CPU.Build.0 = Release|Any CPU
		{11A01939-9404-4DFF-B4AE-73D94E6115F8}.Debug|Any CPU.ActiveCfg = Debug|Any CPU
		{11A01939-9404-4DFF-B4AE-73D94E6115F8}.Debug|Any CPU.Build.0 = Debug|Any CPU
		{11A01939-9404-4DFF-B4AE-73D94E6115F8}.Release|Any CPU.ActiveCfg = Release|Any CPU
		{11A01939-9404-4DFF-B4AE-73D94E6115F8}.Release|Any CPU.Build.0 = Release|Any CPU
	EndGlobalSection
	GlobalSection(SolutionProperties) = preSolution
		HideSolutionNode = FALSE
	EndGlobalSection
	GlobalSection(ExtensibilityGlobals) = postSolution
		SolutionGuid = {522A4729-0F53-4A5B-BC87-B89B83D2CB16}
	EndGlobalSection
EndGlobal
